GIT
  remote: https://github.com/ruby/rbs.git
  revision: 927ca592755d74bf6267b3c3183872e40f08be09
  specs:
    rbs (4.0.0.dev.5)
      logger
      prism (>= 1.6.0)
      tsort

PATH
  remote: .
  specs:
    typeprof (0.31.1)
      prism (>= 1.4.0)
      rbs (>= 3.6.0)

GEM
  remote: https://rubygems.org/
  specs:
    coverage-helpers (1.0.0)
    docile (1.4.1)
    logger (1.7.0)
    power_assert (3.0.1)
    prism (1.9.0)
    rake (13.3.1)
    simplecov (0.22.0)
      docile (~> 1.1)
      simplecov-html (~> 0.11)
      simplecov_json_formatter (~> 0.1)
    simplecov-html (0.13.2)
    simplecov_json_formatter (0.1.4)
    stackprof (0.2.28)
    test-unit (3.7.7)
      power_assert
    tsort (0.2.0)

PLATFORMS
  ruby
  x86_64-linux

DEPENDENCIES
  coverage-helpers
  rake
  rbs!
  simplecov
  simplecov-html
  stackprof
  test-unit
  typeprof!

BUNDLED WITH
   2.6.9
